
Microsoft Visual Studio Solution File, Format Version 12.00
# Visual Studio 14
VisualStudioVersion = 14.0.24720.0
MinimumVisualStudioVersion = 10.0.40219.1
Project("{FAE04EC0-301F-11D3-BF4B-00C04F79EFBC}") = "QRCodeManagement", "QRCodeManagement\QRCodeManagement.csproj", "{C7AD8EC4-2BB7-41D9-B584-065040A0062C}"
	ProjectSection(ProjectDependencies) = postProject
		{4A925E9E-B269-427C-94EA-1F6F808F80A6} = {4A925E9E-B269-427C-94EA-1F6F808F80A6}
	EndProjectSection
EndProject
Project("{FAE04EC0-301F-11D3-BF4B-00C04F79EFBC}") = "QRGenerator", "QRGenerator\QRGenerator.csproj", "{4A925E9E-B269-427C-94EA-1F6F808F80A6}"
EndProject
Global
	GlobalSection(SolutionConfigurationPlatforms) = preSolution
		Debug|Any CPU = Debug|Any CPU
		Release|Any CPU = Release|Any CPU
	EndGlobalSection
	GlobalSection(ProjectConfigurationPlatforms) = postSolution
		{C7AD8EC4-2BB7-41D9-B584-065040A0062C}.Debug|Any CPU.ActiveCfg = Debug|Any CPU
		{C7AD8EC4-2BB7-41D9-B584-065040A0062C}.Debug|Any CPU.Build.0 = Debug|Any CPU
		{C7AD8EC4-2BB7-41D9-B584-065040A0062C}.Release|Any CPU.ActiveCfg = Release|Any CPU
		{C7AD8EC4-2BB7-41D9-B584-065040A0062C}.Release|Any CPU.Build.0 = Release|Any CPU
		{4A925E9E-B269-427C-94EA-1F6F808F80A6}.Debug|Any CPU.ActiveCfg = Debug|Any CPU
		{4A925E9E-B269-427C-94EA-1F6F808F80A6}.Debug|Any CPU.Build.0 = Debug|Any CPU
		{4A925E9E-B269-427C-94EA-1F6F808F80A6}.Release|Any CPU.ActiveCfg = Release|Any CPU
		{4A925E9E-B269-427C-94EA-1F6F808F80A6}.Release|Any CPU.Build.0 = Release|Any CPU
	EndGlobalSection
	GlobalSection(SolutionProperties) = preSolution
		HideSolutionNode = FALSE
	EndGlobalSection
EndGlobal
